
Microsoft Visual Studio Solution File, Format Version 12.00
# Visual Studio 2013
VisualStudioVersion = 12.0.31101.0
MinimumVisualStudioVersion = 10.0.40219.1
Project("{2150E333-8FDC-42A3-9474-1A3956D46DE8}") = "CrossCutting", "CrossCutting", "{B3680F11-2FE3-4195-89AB-AEA9DEBD04CC}"
EndProject
Project("{2150E333-8FDC-42A3-9474-1A3956D46DE8}") = "Logic", "Logic", "{3C770DC8-4170-472A-8BF0-2B3D4B4F68DB}"
EndProject
Project("{2150E333-8FDC-42A3-9474-1A3956D46DE8}") = "Data", "Data", "{A8B2C33E-27C1-460C-BB97-FEB32D5CA887}"
EndProject
Project("{2150E333-8FDC-42A3-9474-1A3956D46DE8}") = "UI", "UI", "{55936D95-B6DD-40FF-8B90-4D25469B7089}"
EndProject
Project("{FAE04EC0-301F-11D3-BF4B-00C04F79EFBC}") = "Configuration", "Configuration\Configuration.csproj", "{B201E555-303A-4F37-9214-C8584F509BA3}"
EndProject
Project("{FAE04EC0-301F-11D3-BF4B-00C04F79EFBC}") = "Configuration.Contracts", "Configuration.Contracts\Configuration.Contracts.csproj", "{5EE6705D-AB2C-4E6F-808E-05E15CE3587B}"
EndProject
Project("{FAE04EC0-301F-11D3-BF4B-00C04F79EFBC}") = "TestClient", "TestClient\TestClient.csproj", "{29EC7A55-DA40-4EB1-B35D-7443DD5F2463}"
EndProject
Project("{2150E333-8FDC-42A3-9474-1A3956D46DE8}") = "Tests", "Tests", "{395A08B2-EDB9-42CA-8296-13743B9BB8C6}"
EndProject
Project("{FAE04EC0-301F-11D3-BF4B-00C04F79EFBC}") = "UnitTests", "UnitTests\UnitTests.csproj", "{DFD2EA04-A0D4-4498-B0E4-DF6798D5D963}"
EndProject
Project("{FAE04EC0-301F-11D3-BF4B-00C04F79EFBC}") = "ConfigurationStorage.Contracts", "ConfigurationStore.Contracts\ConfigurationStorage.Contracts.csproj", "{FC91783D-E4D9-4CE4-9FA6-783201A7BDDA}"
EndProject
Project("{FAE04EC0-301F-11D3-BF4B-00C04F79EFBC}") = "ConfigurationStorage", "ConfigurationStore\ConfigurationStorage.csproj", "{A8D4B837-F918-4BC3-9A70-F18C7DD7BD82}"
EndProject
Project("{FAE04EC0-301F-11D3-BF4B-00C04F79EFBC}") = "StringMangement", "StringMangement\StringMangement.csproj", "{1FBDE94D-ECB4-448A-80D1-DB021C0D4718}"
EndProject
Project("{FAE04EC0-301F-11D3-BF4B-00C04F79EFBC}") = "StringManagement.Contracts", "StringManagement.Contracts\StringManagement.Contracts.csproj", "{3DB737E9-57AD-4489-BD9A-4DAB8286B0BD}"
EndProject
Project("{2150E333-8FDC-42A3-9474-1A3956D46DE8}") = "Infrastructure", "Infrastructure", "{7FDD0B69-4719-4C32-AB97-17F0763684A7}"
EndProject
Project("{FAE04EC0-301F-11D3-BF4B-00C04F79EFBC}") = "DependencyInjection", "DependencyInjection\DependencyInjection.csproj", "{0A2CF2F0-F13E-47C1-993F-80F95DFBFA28}"
EndProject
Global
	GlobalSection(SolutionConfigurationPlatforms) = preSolution
		Debug|Any CPU = Debug|Any CPU
		Release|Any CPU = Release|Any CPU
	EndGlobalSection
	GlobalSection(ProjectConfigurationPlatforms) = postSolution
		{B201E555-303A-4F37-9214-C8584F509BA3}.Debug|Any CPU.ActiveCfg = Debug|Any CPU
		{B201E555-303A-4F37-9214-C8584F509BA3}.Debug|Any CPU.Build.0 = Debug|Any CPU
		{B201E555-303A-4F37-9214-C8584F509BA3}.Release|Any CPU.ActiveCfg = Release|Any CPU
		{B201E555-303A-4F37-9214-C8584F509BA3}.Release|Any CPU.Build.0 = Release|Any CPU
		{5EE6705D-AB2C-4E6F-808E-05E15CE3587B}.Debug|Any CPU.ActiveCfg = Debug|Any CPU
		{5EE6705D-AB2C-4E6F-808E-05E15CE3587B}.Debug|Any CPU.Build.0 = Debug|Any CPU
		{5EE6705D-AB2C-4E6F-808E-05E15CE3587B}.Release|Any CPU.ActiveCfg = Release|Any CPU
		{5EE6705D-AB2C-4E6F-808E-05E15CE3587B}.Release|Any CPU.Build.0 = Release|Any CPU
		{29EC7A55-DA40-4EB1-B35D-7443DD5F2463}.Debug|Any CPU.ActiveCfg = Debug|Any CPU
		{29EC7A55-DA40-4EB1-B35D-7443DD5F2463}.Debug|Any CPU.Build.0 = Debug|Any CPU
		{29EC7A55-DA40-4EB1-B35D-7443DD5F2463}.Release|Any CPU.ActiveCfg = Release|Any CPU
		{29EC7A55-DA40-4EB1-B35D-7443DD5F2463}.Release|Any CPU.Build.0 = Release|Any CPU
		{DFD2EA04-A0D4-4498-B0E4-DF6798D5D963}.Debug|Any CPU.ActiveCfg = Debug|Any CPU
		{DFD2EA04-A0D4-4498-B0E4-DF6798D5D963}.Debug|Any CPU.Build.0 = Debug|Any CPU
		{DFD2EA04-A0D4-4498-B0E4-DF6798D5D963}.Release|Any CPU.ActiveCfg = Release|Any CPU
		{DFD2EA04-A0D4-4498-B0E4-DF6798D5D963}.Release|Any CPU.Build.0 = Release|Any CPU
		{FC91783D-E4D9-4CE4-9FA6-783201A7BDDA}.Debug|Any CPU.ActiveCfg = Debug|Any CPU
		{FC91783D-E4D9-4CE4-9FA6-783201A7BDDA}.Debug|Any CPU.Build.0 = Debug|Any CPU
		{FC91783D-E4D9-4CE4-9FA6-783201A7BDDA}.Release|Any CPU.ActiveCfg = Release|Any CPU
		{FC91783D-E4D9-4CE4-9FA6-783201A7BDDA}.Release|Any CPU.Build.0 = Release|Any CPU
		{A8D4B837-F918-4BC3-9A70-F18C7DD7BD82}.Debug|Any CPU.ActiveCfg = Debug|Any CPU
		{A8D4B837-F918-4BC3-9A70-F18C7DD7BD82}.Debug|Any CPU.Build.0 = Debug|Any CPU
		{A8D4B837-F918-4BC3-9A70-F18C7DD7BD82}.Release|Any CPU.ActiveCfg = Release|Any CPU
		{A8D4B837-F918-4BC3-9A70-F18C7DD7BD82}.Release|Any CPU.Build.0 = Release|Any CPU
		{1FBDE94D-ECB4-448A-80D1-DB021C0D4718}.Debug|Any CPU.ActiveCfg = Debug|Any CPU
		{1FBDE94D-ECB4-448A-80D1-DB021C0D4718}.Debug|Any CPU.Build.0 = Debug|Any CPU
		{1FBDE94D-ECB4-448A-80D1-DB021C0D4718}.Release|Any CPU.ActiveCfg = Release|Any CPU
		{1FBDE94D-ECB4-448A-80D1-DB021C0D4718}.Release|Any CPU.Build.0 = Release|Any CPU
		{3DB737E9-57AD-4489-BD9A-4DAB8286B0BD}.Debug|Any CPU.ActiveCfg = Debug|Any CPU
		{3DB737E9-57AD-4489-BD9A-4DAB8286B0BD}.Debug|Any CPU.Build.0 = Debug|Any CPU
		{3DB737E9-57AD-4489-BD9A-4DAB8286B0BD}.Release|Any CPU.ActiveCfg = Release|Any CPU
		{3DB737E9-57AD-4489-BD9A-4DAB8286B0BD}.Release|Any CPU.Build.0 = Release|Any CPU
		{0A2CF2F0-F13E-47C1-993F-80F95DFBFA28}.Debug|Any CPU.ActiveCfg = Debug|Any CPU
		{0A2CF2F0-F13E-47C1-993F-80F95DFBFA28}.Debug|Any CPU.Build.0 = Debug|Any CPU
		{0A2CF2F0-F13E-47C1-993F-80F95DFBFA28}.Release|Any CPU.ActiveCfg = Release|Any CPU
		{0A2CF2F0-F13E-47C1-993F-80F95DFBFA28}.Release|Any CPU.Build.0 = Release|Any CPU
	EndGlobalSection
	GlobalSection(SolutionProperties) = preSolution
		HideSolutionNode = FALSE
	EndGlobalSection
	GlobalSection(NestedProjects) = preSolution
		{B201E555-303A-4F37-9214-C8584F509BA3} = {B3680F11-2FE3-4195-89AB-AEA9DEBD04CC}
		{5EE6705D-AB2C-4E6F-808E-05E15CE3587B} = {B3680F11-2FE3-4195-89AB-AEA9DEBD04CC}
		{29EC7A55-DA40-4EB1-B35D-7443DD5F2463} = {55936D95-B6DD-40FF-8B90-4D25469B7089}
		{DFD2EA04-A0D4-4498-B0E4-DF6798D5D963} = {395A08B2-EDB9-42CA-8296-13743B9BB8C6}
		{FC91783D-E4D9-4CE4-9FA6-783201A7BDDA} = {B3680F11-2FE3-4195-89AB-AEA9DEBD04CC}
		{A8D4B837-F918-4BC3-9A70-F18C7DD7BD82} = {B3680F11-2FE3-4195-89AB-AEA9DEBD04CC}
		{1FBDE94D-ECB4-448A-80D1-DB021C0D4718} = {3C770DC8-4170-472A-8BF0-2B3D4B4F68DB}
		{3DB737E9-57AD-4489-BD9A-4DAB8286B0BD} = {3C770DC8-4170-472A-8BF0-2B3D4B4F68DB}
		{0A2CF2F0-F13E-47C1-993F-80F95DFBFA28} = {7FDD0B69-4719-4C32-AB97-17F0763684A7}
	EndGlobalSection
EndGlobal
